
Microsoft Visual Studio Solution File, Format Version 12.00
# Visual Studio 15
VisualStudioVersion = 15.0.27428.2037
MinimumVisualStudioVersion = 10.0.40219.1
Project("{FAE04EC0-301F-11D3-BF4B-00C04F79EFBC}") = "WinFormMouseMarco", "WinFormMouseMarcoFPSRecoilCompensator\WinFormMouseMarco.csproj", "{B6696FBC-E8D7-4216-A1FA-CF0A82CACC5F}"
EndProject
Project("{FAE04EC0-301F-11D3-BF4B-00C04F79EFBC}") = "SimpleGameEngineViaSharpDX", "SimpleGameEngineViaSharpDX\SimpleGameEngineViaSharpDX.csproj", "{484B1431-6813-49FE-B1A6-E31FECD1AD96}"
EndProject
Global
	GlobalSection(SolutionConfigurationPlatforms) = preSolution
		Debug|Any CPU = Debug|Any CPU
		Release|Any CPU = Release|Any CPU
	EndGlobalSection
	GlobalSection(ProjectConfigurationPlatforms) = postSolution
		{B6696FBC-E8D7-4216-A1FA-CF0A82CACC5F}.Debug|Any CPU.ActiveCfg = Debug|Any CPU
		{B6696FBC-E8D7-4216-A1FA-CF0A82CACC5F}.Debug|Any CPU.Build.0 = Debug|Any CPU
		{B6696FBC-E8D7-4216-A1FA-CF0A82CACC5F}.Release|Any CPU.ActiveCfg = Release|Any CPU
		{B6696FBC-E8D7-4216-A1FA-CF0A82CACC5F}.Release|Any CPU.Build.0 = Release|Any CPU
		{484B1431-6813-49FE-B1A6-E31FECD1AD96}.Debug|Any CPU.ActiveCfg = Debug|Any CPU
		{484B1431-6813-49FE-B1A6-E31FECD1AD96}.Debug|Any CPU.Build.0 = Debug|Any CPU
		{484B1431-6813-49FE-B1A6-E31FECD1AD96}.Release|Any CPU.ActiveCfg = Release|Any CPU
		{484B1431-6813-49FE-B1A6-E31FECD1AD96}.Release|Any CPU.Build.0 = Release|Any CPU
	EndGlobalSection
	GlobalSection(SolutionProperties) = preSolution
		HideSolutionNode = FALSE
	EndGlobalSection
	GlobalSection(ExtensibilityGlobals) = postSolution
		SolutionGuid = {E47E7EAA-7E95-4425-89B7-28A61AE1A5CE}
	EndGlobalSection
EndGlobal
