
Microsoft Visual Studio Solution File, Format Version 12.00
# Visual Studio 14
VisualStudioVersion = 14.0.25123.0
MinimumVisualStudioVersion = 10.0.40219.1
Project("{FAE04EC0-301F-11D3-BF4B-00C04F79EFBC}") = "n43e120.Interop.WinAPI", "n43e120.Interop.WinAPI.csproj", "{3CBC17BF-3019-4EC1-BAE9-16DFE0252AFE}"
EndProject
Global
	GlobalSection(SolutionConfigurationPlatforms) = preSolution
		Debug|Any CPU = Debug|Any CPU
		Release|Any CPU = Release|Any CPU
	EndGlobalSection
	GlobalSection(ProjectConfigurationPlatforms) = postSolution
		{3CBC17BF-3019-4EC1-BAE9-16DFE0252AFE}.Debug|Any CPU.ActiveCfg = Debug|Any CPU
		{3CBC17BF-3019-4EC1-BAE9-16DFE0252AFE}.Debug|Any CPU.Build.0 = Debug|Any CPU
		{3CBC17BF-3019-4EC1-BAE9-16DFE0252AFE}.Release|Any CPU.ActiveCfg = Release|Any CPU
		{3CBC17BF-3019-4EC1-BAE9-16DFE0252AFE}.Release|Any CPU.Build.0 = Release|Any CPU
	EndGlobalSection
	GlobalSection(SolutionProperties) = preSolution
		HideSolutionNode = FALSE
	EndGlobalSection
EndGlobal
